<?xml version="1.0" encoding="utf-8"?>
<Project ToolsVersion="4.0" xmlns="http://schemas.microsoft.com/developer/msbuild/2003">
  <ItemGroup>
    <Filter Include="Application">
      <UniqueIdentifier>{62f82d42-2cd1-461b-a251-14556f770a6d}</UniqueIdentifier>
    </Filter>
    <Filter Include="ThirdParty">
      <UniqueIdentifier>{4d55036e-28da-40e1-ae8b-871fd9530369}</UniqueIdentifier>
    </Filter>
    <Filter Include="ThirdParty\eastl">
      <UniqueIdentifier>{0a3bf31a-6a03-4eaf-a34c-4785f9275b80}</UniqueIdentifier>
    </Filter>
    <Filter Include="ThirdParty\gl3w">
      <UniqueIdentifier>{2078ae59-4883-4799-8112-ddae68b6a9dd}</UniqueIdentifier>
    </Filter>
    <Filter Include="Application\Header Files">
      <UniqueIdentifier>{14a2a5a7-2061-4f7d-9c09-19cc66b04d4d}</UniqueIdentifier>
    </Filter>
    <Filter Include="Application\Resource Files">
      <UniqueIdentifier>{3aca471c-16f8-425c-82d9-3423550af959}</UniqueIdentifier>
    </Filter>
    <Filter Include="Application\Source Files">
      <UniqueIdentifier>{bcecec0b-bbd2-4f97-a4e3-1297b9a715ba}</UniqueIdentifier>
    </Filter>
    <Filter Include="Application\Source Files\nvwa">
      <UniqueIdentifier>{3cd52007-a9dd-49a2-a484-770aced58115}</UniqueIdentifier>
    </Filter>
  </ItemGroup>
  <ItemGroup>
    <ClCompile Include="..\..\ThirdParty\eastl\source\allocator_eastl.cpp">
      <Filter>ThirdParty\eastl</Filter>
    </ClCompile>
    <ClCompile Include="..\..\ThirdParty\eastl\source\assert.cpp">
      <Filter>ThirdParty\eastl</Filter>
    </ClCompile>
    <ClCompile Include="..\..\ThirdParty\eastl\source\fixed_pool.cpp">
      <Filter>ThirdParty\eastl</Filter>
    </ClCompile>
    <ClCompile Include="..\..\ThirdParty\eastl\source\hashtable.cpp">
      <Filter>ThirdParty\eastl</Filter>
    </ClCompile>
    <ClCompile Include="..\..\ThirdParty\eastl\source\intrusive_list.cpp">
      <Filter>ThirdParty\eastl</Filter>
    </ClCompile>
    <ClCompile Include="..\..\ThirdParty\eastl\source\new.cpp">
      <Filter>ThirdParty\eastl</Filter>
    </ClCompile>
    <ClCompile Include="..\..\ThirdParty\eastl\source\numeric_limits.cpp">
      <Filter>ThirdParty\eastl</Filter>
    </ClCompile>
    <ClCompile Include="..\..\ThirdParty\eastl\source\red_black_tree.cpp">
      <Filter>ThirdParty\eastl</Filter>
    </ClCompile>
    <ClCompile Include="..\..\ThirdParty\eastl\source\string.cpp">
      <Filter>ThirdParty\eastl</Filter>
    </ClCompile>
    <ClCompile Include="..\..\ThirdParty\eastl\source\thread_support.cpp">
      <Filter>ThirdParty\eastl</Filter>
    </ClCompile>
    <ClCompile Include="..\..\ThirdParty\gl3w\gl3w.c">
      <Filter>ThirdParty\gl3w</Filter>
    </ClCompile>
    <ClCompile Include="Main.cpp">
      <Filter>Application\Source Files</Filter>
    </ClCompile>
    <ClCompile Include="stdafx.cpp">
      <Filter>Application\Source Files</Filter>
    </ClCompile>
    <ClCompile Include="WGLExtensions.cpp">
      <Filter>Application\Source Files</Filter>
    </ClCompile>
    <ClCompile Include="nvwa\debug_new.cpp">
      <Filter>Application\Source Files\nvwa</Filter>
    </ClCompile>
    <ClCompile Include="nvwa\operator_new.cpp">
      <Filter>Application\Source Files\nvwa</Filter>
    </ClCompile>
  </ItemGroup>
  <ItemGroup>
    <ClInclude Include="..\..\ThirdParty\gl3w\gl3w.h">
      <Filter>ThirdParty\gl3w</Filter>
    </ClInclude>
    <ClInclude Include="..\..\ThirdParty\gl3w\glcorearb.h">
      <Filter>ThirdParty\gl3w</Filter>
    </ClInclude>
    <ClInclude Include="Main.h">
      <Filter>Application\Header Files</Filter>
    </ClInclude>
    <ClInclude Include="stdafx.h">
      <Filter>Application\Header Files</Filter>
    </ClInclude>
    <ClInclude Include="targetver.h">
      <Filter>Application\Header Files</Filter>
    </ClInclude>
    <ClInclude Include="WGLExtensions.h">
      <Filter>Application\Header Files</Filter>
    </ClInclude>
    <ClInclude Include="nvwa\c++11.h">
      <Filter>Application\Source Files\nvwa</Filter>
    </ClInclude>
    <ClInclude Include="nvwa\debug_new.h">
      <Filter>Application\Source Files\nvwa</Filter>
    </ClInclude>
    <ClInclude Include="nvwa\fast_mutex.h">
      <Filter>Application\Source Files\nvwa</Filter>
    </ClInclude>
    <ClInclude Include="nvwa\static_assert.h">
      <Filter>Application\Source Files\nvwa</Filter>
    </ClInclude>
    <ClInclude Include="Resource.h">
      <Filter>Application\Resource Files</Filter>
    </ClInclude>
  </ItemGroup>
  <ItemGroup>
    <Image Include="Big.ico">
      <Filter>Application\Resource Files</Filter>
    </Image>
    <Image Include="small.ico">
      <Filter>Application\Resource Files</Filter>
    </Image>
  </ItemGroup>
  <ItemGroup>
    <ResourceCompile Include="Resource.rc">
      <Filter>Application\Resource Files</Filter>
    </ResourceCompile>
  </ItemGroup>
</Project>