
Microsoft Visual Studio Solution File, Format Version 12.00
# Visual Studio 15
VisualStudioVersion = 15.0.28010.2048
MinimumVisualStudioVersion = 10.0.40219.1
Project("{8BC9CEB8-8B4A-11D0-8D11-00A0C91BC942}") = "Engine", "Engine.vcxproj", "{705A8E79-859B-4729-B34E-D4D029D92F6F}"
EndProject
Global
	GlobalSection(SolutionConfigurationPlatforms) = preSolution
		Debug|x64 = Debug|x64
		Debug|x86 = Debug|x86
		Release|x64 = Release|x64
		Release|x86 = Release|x86
	EndGlobalSection
	GlobalSection(ProjectConfigurationPlatforms) = postSolution
		{705A8E79-859B-4729-B34E-D4D029D92F6F}.Debug|x64.ActiveCfg = Develop|x64
		{705A8E79-859B-4729-B34E-D4D029D92F6F}.Debug|x64.Build.0 = Develop|x64
		{705A8E79-859B-4729-B34E-D4D029D92F6F}.Debug|x86.ActiveCfg = Develop|x64
		{705A8E79-859B-4729-B34E-D4D029D92F6F}.Debug|x86.Build.0 = Develop|x64
		{705A8E79-859B-4729-B34E-D4D029D92F6F}.Release|x64.ActiveCfg = Release|x64
		{705A8E79-859B-4729-B34E-D4D029D92F6F}.Release|x64.Build.0 = Release|x64
		{705A8E79-859B-4729-B34E-D4D029D92F6F}.Release|x86.ActiveCfg = Release|x64
	EndGlobalSection
	GlobalSection(SolutionProperties) = preSolution
		HideSolutionNode = FALSE
	EndGlobalSection
	GlobalSection(ExtensibilityGlobals) = postSolution
		SolutionGuid = {30FA1504-0ABF-4397-B46E-4C26D18618EA}
	EndGlobalSection
EndGlobal
